// !$*UTF8*$!
{
	archiveVersion = 1;
	classes = {
	};
	objectVersion = 56;
	objects = {

/* Begin PBXBuildFile section */
		5A3FCEB02C66662900457B19 /* FMCGAppApp.swift in Sources */ = {isa = PBXBuildFile; fileRef = 5A3FCEAF2C66662900457B19 /* FMCGAppApp.swift */; };
		5A3FCEB22C66662900457B19 /* CatalogView.swift in Sources */ = {isa = PBXBuildFile; fileRef = 5A3FCEB12C66662900457B19 /* CatalogView.swift */; };
		5A3FCEB42C66662B00457B19 /* Assets.xcassets in Resources */ = {isa = PBXBuildFile; fileRef = 5A3FCEB32C66662B00457B19 /* Assets.xcassets */; };
		5A3FCEB72C66662B00457B19 /* Preview Assets.xcassets in Resources */ = {isa = PBXBuildFile; fileRef = 5A3FCEB62C66662B00457B19 /* Preview Assets.xcassets */; };
		5A3FCEC22C66668000457B19 /* Product.swift in Sources */ = {isa = PBXBuildFile; fileRef = 5A3FCEC12C66668000457B19 /* Product.swift */; };
		5A3FCEC42C6669E800457B19 /* CatalogViewModel.swift in Sources */ = {isa = PBXBuildFile; fileRef = 5A3FCEC32C6669E800457B19 /* CatalogViewModel.swift */; };
		5A3FCEC72C66700C00457B19 /* ListCell.swift in Sources */ = {isa = PBXBuildFile; fileRef = 5A3FCEC62C66700C00457B19 /* ListCell.swift */; };
		5A3FCEC92C66701C00457B19 /* GridCell.swift in Sources */ = {isa = PBXBuildFile; fileRef = 5A3FCEC82C66701C00457B19 /* GridCell.swift */; };
		5A3FCECC2C667B5000457B19 /* ProductInfo.swift in Sources */ = {isa = PBXBuildFile; fileRef = 5A3FCECB2C667B5000457B19 /* ProductInfo.swift */; };
		5A3FCECE2C667BB000457B19 /* ProductPicked.swift in Sources */ = {isa = PBXBuildFile; fileRef = 5A3FCECD2C667BB000457B19 /* ProductPicked.swift */; };
		5A3FCED02C667C2D00457B19 /* ProductNotPicked.swift in Sources */ = {isa = PBXBuildFile; fileRef = 5A3FCECF2C667C2D00457B19 /* ProductNotPicked.swift */; };
		5A3FCED22C667FD600457B19 /* LikedSet.swift in Sources */ = {isa = PBXBuildFile; fileRef = 5A3FCED12C667FD600457B19 /* LikedSet.swift */; };
		5A3FCED42C6684E000457B19 /* ImageView.swift in Sources */ = {isa = PBXBuildFile; fileRef = 5A3FCED32C6684E000457B19 /* ImageView.swift */; };
/* End PBXBuildFile section */

/* Begin PBXFileReference section */
		5A3FCEAC2C66662900457B19 /* FMCGApp.app */ = {isa = PBXFileReference; explicitFileType = wrapper.application; includeInIndex = 0; path = FMCGApp.app; sourceTree = BUILT_PRODUCTS_DIR; };
		5A3FCEAF2C66662900457B19 /* FMCGAppApp.swift */ = {isa = PBXFileReference; lastKnownFileType = sourcecode.swift; path = FMCGAppApp.swift; sourceTree = "<group>"; };
		5A3FCEB12C66662900457B19 /* CatalogView.swift */ = {isa = PBXFileReference; lastKnownFileType = sourcecode.swift; path = CatalogView.swift; sourceTree = "<group>"; };
		5A3FCEB32C66662B00457B19 /* Assets.xcassets */ = {isa = PBXFileReference; lastKnownFileType = folder.assetcatalog; path = Assets.xcassets; sourceTree = "<group>"; };
		5A3FCEB62C66662B00457B19 /* Preview Assets.xcassets */ = {isa = PBXFileReference; lastKnownFileType = folder.assetcatalog; path = "Preview Assets.xcassets"; sourceTree = "<group>"; };
		5A3FCEC12C66668000457B19 /* Product.swift */ = {isa = PBXFileReference; lastKnownFileType = sourcecode.swift; path = Product.swift; sourceTree = "<group>"; };
		5A3FCEC32C6669E800457B19 /* CatalogViewModel.swift */ = {isa = PBXFileReference; lastKnownFileType = sourcecode.swift; path = CatalogViewModel.swift; sourceTree = "<group>"; };
		5A3FCEC62C66700C00457B19 /* ListCell.swift */ = {isa = PBXFileReference; lastKnownFileType = sourcecode.swift; path = ListCell.swift; sourceTree = "<group>"; };
		5A3FCEC82C66701C00457B19 /* GridCell.swift */ = {isa = PBXFileReference; lastKnownFileType = sourcecode.swift; path = GridCell.swift; sourceTree = "<group>"; };
		5A3FCECB2C667B5000457B19 /* ProductInfo.swift */ = {isa = PBXFileReference; lastKnownFileType = sourcecode.swift; path = ProductInfo.swift; sourceTree = "<group>"; };
		5A3FCECD2C667BB000457B19 /* ProductPicked.swift */ = {isa = PBXFileReference; lastKnownFileType = sourcecode.swift; path = ProductPicked.swift; sourceTree = "<group>"; };
		5A3FCECF2C667C2D00457B19 /* ProductNotPicked.swift */ = {isa = PBXFileReference; lastKnownFileType = sourcecode.swift; path = ProductNotPicked.swift; sourceTree = "<group>"; };
		5A3FCED12C667FD600457B19 /* LikedSet.swift */ = {isa = PBXFileReference; lastKnownFileType = sourcecode.swift; path = LikedSet.swift; sourceTree = "<group>"; };
		5A3FCED32C6684E000457B19 /* ImageView.swift */ = {isa = PBXFileReference; lastKnownFileType = sourcecode.swift; path = ImageView.swift; sourceTree = "<group>"; };
/* End PBXFileReference section */

/* Begin PBXFrameworksBuildPhase section */
		5A3FCEA92C66662900457B19 /* Frameworks */ = {
			isa = PBXFrameworksBuildPhase;
			buildActionMask = 2147483647;
			files = (
			);
			runOnlyForDeploymentPostprocessing = 0;
		};
/* End PBXFrameworksBuildPhase section */

/* Begin PBXGroup section */
		5A3FCEA32C66662900457B19 = {
			isa = PBXGroup;
			children = (
				5A3FCEAE2C66662900457B19 /* FMCGApp */,
				5A3FCEAD2C66662900457B19 /* Products */,
			);
			sourceTree = "<group>";
		};
		5A3FCEAD2C66662900457B19 /* Products */ = {
			isa = PBXGroup;
			children = (
				5A3FCEAC2C66662900457B19 /* FMCGApp.app */,
			);
			name = Products;
			sourceTree = "<group>";
		};
		5A3FCEAE2C66662900457B19 /* FMCGApp */ = {
			isa = PBXGroup;
			children = (
				5A3FCEAF2C66662900457B19 /* FMCGAppApp.swift */,
				5A3FCEBD2C66664600457B19 /* CatalogModule */,
				5A3FCEB32C66662B00457B19 /* Assets.xcassets */,
				5A3FCEB52C66662B00457B19 /* Preview Content */,
			);
			path = FMCGApp;
			sourceTree = "<group>";
		};
		5A3FCEB52C66662B00457B19 /* Preview Content */ = {
			isa = PBXGroup;
			children = (
				5A3FCEB62C66662B00457B19 /* Preview Assets.xcassets */,
			);
			path = "Preview Content";
			sourceTree = "<group>";
		};
		5A3FCEBD2C66664600457B19 /* CatalogModule */ = {
			isa = PBXGroup;
			children = (
				5A3FCEBE2C66665600457B19 /* View */,
				5A3FCEC02C66666C00457B19 /* Model */,
				5A3FCEBF2C66665C00457B19 /* ViewModule */,
			);
			path = CatalogModule;
			sourceTree = "<group>";
		};
		5A3FCEBE2C66665600457B19 /* View */ = {
			isa = PBXGroup;
			children = (
				5A3FCEB12C66662900457B19 /* CatalogView.swift */,
				5A3FCEC52C666FF400457B19 /* Cell */,
			);
			path = View;
			sourceTree = "<group>";
		};
		5A3FCEBF2C66665C00457B19 /* ViewModule */ = {
			isa = PBXGroup;
			children = (
				5A3FCEC32C6669E800457B19 /* CatalogViewModel.swift */,
			);
			path = ViewModule;
			sourceTree = "<group>";
		};
		5A3FCEC02C66666C00457B19 /* Model */ = {
			isa = PBXGroup;
			children = (
				5A3FCEC12C66668000457B19 /* Product.swift */,
			);
			path = Model;
			sourceTree = "<group>";
		};
		5A3FCEC52C666FF400457B19 /* Cell */ = {
			isa = PBXGroup;
			children = (
				5A3FCEC62C66700C00457B19 /* ListCell.swift */,
				5A3FCEC82C66701C00457B19 /* GridCell.swift */,
				5A3FCECA2C667B2E00457B19 /* Components */,
			);
			path = Cell;
			sourceTree = "<group>";
		};
		5A3FCECA2C667B2E00457B19 /* Components */ = {
			isa = PBXGroup;
			children = (
				5A3FCECB2C667B5000457B19 /* ProductInfo.swift */,
				5A3FCECD2C667BB000457B19 /* ProductPicked.swift */,
				5A3FCECF2C667C2D00457B19 /* ProductNotPicked.swift */,
				5A3FCED12C667FD600457B19 /* LikedSet.swift */,
				5A3FCED32C6684E000457B19 /* ImageView.swift */,
			);
			path = Components;
			sourceTree = "<group>";
		};
/* End PBXGroup section */

/* Begin PBXNativeTarget section */
		5A3FCEAB2C66662900457B19 /* FMCGApp */ = {
			isa = PBXNativeTarget;
			buildConfigurationList = 5A3FCEBA2C66662B00457B19 /* Build configuration list for PBXNativeTarget "FMCGApp" */;
			buildPhases = (
				5A3FCEA82C66662900457B19 /* Sources */,
				5A3FCEA92C66662900457B19 /* Frameworks */,
				5A3FCEAA2C66662900457B19 /* Resources */,
			);
			buildRules = (
			);
			dependencies = (
			);
			name = FMCGApp;
			productName = FMCGApp;
			productReference = 5A3FCEAC2C66662900457B19 /* FMCGApp.app */;
			productType = "com.apple.product-type.application";
		};
/* End PBXNativeTarget section */

/* Begin PBXProject section */
		5A3FCEA42C66662900457B19 /* Project object */ = {
			isa = PBXProject;
			attributes = {
				BuildIndependentTargetsInParallel = 1;
				LastSwiftUpdateCheck = 1520;
				LastUpgradeCheck = 1520;
				TargetAttributes = {
					5A3FCEAB2C66662900457B19 = {
						CreatedOnToolsVersion = 15.2;
					};
				};
			};
			buildConfigurationList = 5A3FCEA72C66662900457B19 /* Build configuration list for PBXProject "FMCGApp" */;
			compatibilityVersion = "Xcode 14.0";
			developmentRegion = en;
			hasScannedForEncodings = 0;
			knownRegions = (
				en,
				Base,
			);
			mainGroup = 5A3FCEA32C66662900457B19;
			productRefGroup = 5A3FCEAD2C66662900457B19 /* Products */;
			projectDirPath = "";
			projectRoot = "";
			targets = (
				5A3FCEAB2C66662900457B19 /* FMCGApp */,
			);
		};
/* End PBXProject section */

/* Begin PBXResourcesBuildPhase section */
		5A3FCEAA2C66662900457B19 /* Resources */ = {
			isa = PBXResourcesBuildPhase;
			buildActionMask = 2147483647;
			files = (
				5A3FCEB72C66662B00457B19 /* Preview Assets.xcassets in Resources */,
				5A3FCEB42C66662B00457B19 /* Assets.xcassets in Resources */,
			);
			runOnlyForDeploymentPostprocessing = 0;
		};
/* End PBXResourcesBuildPhase section */

/* Begin PBXSourcesBuildPhase section */
		5A3FCEA82C66662900457B19 /* Sources */ = {
			isa = PBXSourcesBuildPhase;
			buildActionMask = 2147483647;
			files = (
				5A3FCEB22C66662900457B19 /* CatalogView.swift in Sources */,
				5A3FCED02C667C2D00457B19 /* ProductNotPicked.swift in Sources */,
				5A3FCEC42C6669E800457B19 /* CatalogViewModel.swift in Sources */,
				5A3FCEB02C66662900457B19 /* FMCGAppApp.swift in Sources */,
				5A3FCED42C6684E000457B19 /* ImageView.swift in Sources */,
				5A3FCED22C667FD600457B19 /* LikedSet.swift in Sources */,
				5A3FCEC72C66700C00457B19 /* ListCell.swift in Sources */,
				5A3FCEC22C66668000457B19 /* Product.swift in Sources */,
				5A3FCEC92C66701C00457B19 /* GridCell.swift in Sources */,
				5A3FCECC2C667B5000457B19 /* ProductInfo.swift in Sources */,
				5A3FCECE2C667BB000457B19 /* ProductPicked.swift in Sources */,
			);
			runOnlyForDeploymentPostprocessing = 0;
		};
/* End PBXSourcesBuildPhase section */

/* Begin XCBuildConfiguration section */
		5A3FCEB82C66662B00457B19 /* Debug */ = {
			isa = XCBuildConfiguration;
			buildSettings = {
				ALWAYS_SEARCH_USER_PATHS = NO;
				ASSETCATALOG_COMPILER_GENERATE_SWIFT_ASSET_SYMBOL_EXTENSIONS = YES;
				CLANG_ANALYZER_NONNULL = YES;
				CLANG_ANALYZER_NUMBER_OBJECT_CONVERSION = YES_AGGRESSIVE;
				CLANG_CXX_LANGUAGE_STANDARD = "gnu++20";
				CLANG_ENABLE_MODULES = YES;
				CLANG_ENABLE_OBJC_ARC = YES;
				CLANG_ENABLE_OBJC_WEAK = YES;
				CLANG_WARN_BLOCK_CAPTURE_AUTORELEASING = YES;
				CLANG_WARN_BOOL_CONVERSION = YES;
				CLANG_WARN_COMMA = YES;
				CLANG_WARN_CONSTANT_CONVERSION = YES;
				CLANG_WARN_DEPRECATED_OBJC_IMPLEMENTATIONS = YES;
				CLANG_WARN_DIRECT_OBJC_ISA_USAGE = YES_ERROR;
				CLANG_WARN_DOCUMENTATION_COMMENTS = YES;
				CLANG_WARN_EMPTY_BODY = YES;
				CLANG_WARN_ENUM_CONVERSION = YES;
				CLANG_WARN_INFINITE_RECURSION = YES;
				CLANG_WARN_INT_CONVERSION = YES;
				CLANG_WARN_NON_LITERAL_NULL_CONVERSION = YES;
				CLANG_WARN_OBJC_IMPLICIT_RETAIN_SELF = YES;
				CLANG_WARN_OBJC_LITERAL_CONVERSION = YES;
				CLANG_WARN_OBJC_ROOT_CLASS = YES_ERROR;
				CLANG_WARN_QUOTED_INCLUDE_IN_FRAMEWORK_HEADER = YES;
				CLANG_WARN_RANGE_LOOP_ANALYSIS = YES;
				CLANG_WARN_STRICT_PROTOTYPES = YES;
				CLANG_WARN_SUSPICIOUS_MOVE = YES;
				CLANG_WARN_UNGUARDED_AVAILABILITY = YES_AGGRESSIVE;
				CLANG_WARN_UNREACHABLE_CODE = YES;
				CLANG_WARN__DUPLICATE_METHOD_MATCH = YES;
				COPY_PHASE_STRIP = NO;
				DEBUG_INFORMATION_FORMAT = dwarf;
				ENABLE_STRICT_OBJC_MSGSEND = YES;
				ENABLE_TESTABILITY = YES;
				ENABLE_USER_SCRIPT_SANDBOXING = YES;
				GCC_C_LANGUAGE_STANDARD = gnu17;
				GCC_DYNAMIC_NO_PIC = NO;
				GCC_NO_COMMON_BLOCKS = YES;
				GCC_OPTIMIZATION_LEVEL = 0;
				GCC_PREPROCESSOR_DEFINITIONS = (
					"DEBUG=1",
					"$(inherited)",
				);
				GCC_WARN_64_TO_32_BIT_CONVERSION = YES;
				GCC_WARN_ABOUT_RETURN_TYPE = YES_ERROR;
				GCC_WARN_UNDECLARED_SELECTOR = YES;
				GCC_WARN_UNINITIALIZED_AUTOS = YES_AGGRESSIVE;
				GCC_WARN_UNUSED_FUNCTION = YES;
				GCC_WARN_UNUSED_VARIABLE = YES;
				IPHONEOS_DEPLOYMENT_TARGET = 17.2;
				LOCALIZATION_PREFERS_STRING_CATALOGS = YES;
				MTL_ENABLE_DEBUG_INFO = INCLUDE_SOURCE;
				MTL_FAST_MATH = YES;
				ONLY_ACTIVE_ARCH = YES;
				SDKROOT = iphoneos;
				SWIFT_ACTIVE_COMPILATION_CONDITIONS = "DEBUG $(inherited)";
				SWIFT_OPTIMIZATION_LEVEL = "-Onone";
			};
			name = Debug;
		};
		5A3FCEB92C66662B00457B19 /* Release */ = {
			isa = XCBuildConfiguration;
			buildSettings = {
				ALWAYS_SEARCH_USER_PATHS = NO;
				ASSETCATALOG_COMPILER_GENERATE_SWIFT_ASSET_SYMBOL_EXTENSIONS = YES;
				CLANG_ANALYZER_NONNULL = YES;
				CLANG_ANALYZER_NUMBER_OBJECT_CONVERSION = YES_AGGRESSIVE;
				CLANG_CXX_LANGUAGE_STANDARD = "gnu++20";
				CLANG_ENABLE_MODULES = YES;
				CLANG_ENABLE_OBJC_ARC = YES;
				CLANG_ENABLE_OBJC_WEAK = YES;
				CLANG_WARN_BLOCK_CAPTURE_AUTORELEASING = YES;
				CLANG_WARN_BOOL_CONVERSION = YES;
				CLANG_WARN_COMMA = YES;
				CLANG_WARN_CONSTANT_CONVERSION = YES;
				CLANG_WARN_DEPRECATED_OBJC_IMPLEMENTATIONS = YES;
				CLANG_WARN_DIRECT_OBJC_ISA_USAGE = YES_ERROR;
				CLANG_WARN_DOCUMENTATION_COMMENTS = YES;
				CLANG_WARN_EMPTY_BODY = YES;
				CLANG_WARN_ENUM_CONVERSION = YES;
				CLANG_WARN_INFINITE_RECURSION = YES;
				CLANG_WARN_INT_CONVERSION = YES;
				CLANG_WARN_NON_LITERAL_NULL_CONVERSION = YES;
				CLANG_WARN_OBJC_IMPLICIT_RETAIN_SELF = YES;
				CLANG_WARN_OBJC_LITERAL_CONVERSION = YES;
				CLANG_WARN_OBJC_ROOT_CLASS = YES_ERROR;
				CLANG_WARN_QUOTED_INCLUDE_IN_FRAMEWORK_HEADER = YES;
				CLANG_WARN_RANGE_LOOP_ANALYSIS = YES;
				CLANG_WARN_STRICT_PROTOTYPES = YES;
				CLANG_WARN_SUSPICIOUS_MOVE = YES;
				CLANG_WARN_UNGUARDED_AVAILABILITY = YES_AGGRESSIVE;
				CLANG_WARN_UNREACHABLE_CODE = YES;
				CLANG_WARN__DUPLICATE_METHOD_MATCH = YES;
				COPY_PHASE_STRIP = NO;
				DEBUG_INFORMATION_FORMAT = "dwarf-with-dsym";
				ENABLE_NS_ASSERTIONS = NO;
				ENABLE_STRICT_OBJC_MSGSEND = YES;
				ENABLE_USER_SCRIPT_SANDBOXING = YES;
				GCC_C_LANGUAGE_STANDARD = gnu17;
				GCC_NO_COMMON_BLOCKS = YES;
				GCC_WARN_64_TO_32_BIT_CONVERSION = YES;
				GCC_WARN_ABOUT_RETURN_TYPE = YES_ERROR;
				GCC_WARN_UNDECLARED_SELECTOR = YES;
				GCC_WARN_UNINITIALIZED_AUTOS = YES_AGGRESSIVE;
				GCC_WARN_UNUSED_FUNCTION = YES;
				GCC_WARN_UNUSED_VARIABLE = YES;
				IPHONEOS_DEPLOYMENT_TARGET = 17.2;
				LOCALIZATION_PREFERS_STRING_CATALOGS = YES;
				MTL_ENABLE_DEBUG_INFO = NO;
				MTL_FAST_MATH = YES;
				SDKROOT = iphoneos;
				SWIFT_COMPILATION_MODE = wholemodule;
				VALIDATE_PRODUCT = YES;
			};
			name = Release;
		};
		5A3FCEBB2C66662B00457B19 /* Debug */ = {
			isa = XCBuildConfiguration;
			buildSettings = {
				ASSETCATALOG_COMPILER_APPICON_NAME = AppIcon;
				ASSETCATALOG_COMPILER_GLOBAL_ACCENT_COLOR_NAME = AccentColor;
				CODE_SIGN_STYLE = Automatic;
				CURRENT_PROJECT_VERSION = 1;
				DEVELOPMENT_ASSET_PATHS = "\"FMCGApp/Preview Content\"";
				DEVELOPMENT_TEAM = YFKSG45UC4;
				ENABLE_PREVIEWS = YES;
				GENERATE_INFOPLIST_FILE = YES;
				INFOPLIST_KEY_UIApplicationSceneManifest_Generation = YES;
				INFOPLIST_KEY_UIApplicationSupportsIndirectInputEvents = YES;
				INFOPLIST_KEY_UILaunchScreen_Generation = YES;
				INFOPLIST_KEY_UISupportedInterfaceOrientations_iPad = "UIInterfaceOrientationPortrait UIInterfaceOrientationPortraitUpsideDown UIInterfaceOrientationLandscapeLeft UIInterfaceOrientationLandscapeRight";
				INFOPLIST_KEY_UISupportedInterfaceOrientations_iPhone = "UIInterfaceOrientationPortrait UIInterfaceOrientationLandscapeLeft UIInterfaceOrientationLandscapeRight";
				LD_RUNPATH_SEARCH_PATHS = (
					"$(inherited)",
					"@executable_path/Frameworks",
				);
				MARKETING_VERSION = 1.0;
				PRODUCT_BUNDLE_IDENTIFIER = ru.StasiaKuzya.FMCGApp;
				PRODUCT_NAME = "$(TARGET_NAME)";
				SWIFT_EMIT_LOC_STRINGS = YES;
				SWIFT_VERSION = 5.0;
				TARGETED_DEVICE_FAMILY = "1,2";
			};
			name = Debug;
		};
		5A3FCEBC2C66662B00457B19 /* Release */ = {
			isa = XCBuildConfiguration;
			buildSettings = {
				ASSETCATALOG_COMPILER_APPICON_NAME = AppIcon;
				ASSETCATALOG_COMPILER_GLOBAL_ACCENT_COLOR_NAME = AccentColor;
				CODE_SIGN_STYLE = Automatic;
				CURRENT_PROJECT_VERSION = 1;
				DEVELOPMENT_ASSET_PATHS = "\"FMCGApp/Preview Content\"";
				DEVELOPMENT_TEAM = YFKSG45UC4;
				ENABLE_PREVIEWS = YES;
				GENERATE_INFOPLIST_FILE = YES;
				INFOPLIST_KEY_UIApplicationSceneManifest_Generation = YES;
				INFOPLIST_KEY_UIApplicationSupportsIndirectInputEvents = YES;
				INFOPLIST_KEY_UILaunchScreen_Generation = YES;
				INFOPLIST_KEY_UISupportedInterfaceOrientations_iPad = "UIInterfaceOrientationPortrait UIInterfaceOrientationPortraitUpsideDown UIInterfaceOrientationLandscapeLeft UIInterfaceOrientationLandscapeRight";
				INFOPLIST_KEY_UISupportedInterfaceOrientations_iPhone = "UIInterfaceOrientationPortrait UIInterfaceOrientationLandscapeLeft UIInterfaceOrientationLandscapeRight";
				LD_RUNPATH_SEARCH_PATHS = (
					"$(inherited)",
					"@executable_path/Frameworks",
				);
				MARKETING_VERSION = 1.0;
				PRODUCT_BUNDLE_IDENTIFIER = ru.StasiaKuzya.FMCGApp;
				PRODUCT_NAME = "$(TARGET_NAME)";
				SWIFT_EMIT_LOC_STRINGS = YES;
				SWIFT_VERSION = 5.0;
				TARGETED_DEVICE_FAMILY = "1,2";
			};
			name = Release;
		};
/* End XCBuildConfiguration section */

/* Begin XCConfigurationList section */
		5A3FCEA72C66662900457B19 /* Build configuration list for PBXProject "FMCGApp" */ = {
			isa = XCConfigurationList;
			buildConfigurations = (
				5A3FCEB82C66662B00457B19 /* Debug */,
				5A3FCEB92C66662B00457B19 /* Release */,
			);
			defaultConfigurationIsVisible = 0;
			defaultConfigurationName = Release;
		};
		5A3FCEBA2C66662B00457B19 /* Build configuration list for PBXNativeTarget "FMCGApp" */ = {
			isa = XCConfigurationList;
			buildConfigurations = (
				5A3FCEBB2C66662B00457B19 /* Debug */,
				5A3FCEBC2C66662B00457B19 /* Release */,
			);
			defaultConfigurationIsVisible = 0;
			defaultConfigurationName = Release;
		};
/* End XCConfigurationList section */
	};
	rootObject = 5A3FCEA42C66662900457B19 /* Project object */;
}
